
Microsoft Visual Studio Solution File, Format Version 12.00
# Visual Studio Version 17
VisualStudioVersion = 17.4.33213.308
MinimumVisualStudioVersion = 10.0.40219.1
Project("{FAE04EC0-301F-11D3-BF4B-00C04F79EFBC}") = "AbstractAnimalClass", "AbstractAnimalClass\AbstractAnimalClass.csproj", "{76690E78-CC72-4021-9961-3A902FCE77A0}"
EndProject
Global
	GlobalSection(SolutionConfigurationPlatforms) = preSolution
		Debug|Any CPU = Debug|Any CPU
		Release|Any CPU = Release|Any CPU
	EndGlobalSection
	GlobalSection(ProjectConfigurationPlatforms) = postSolution
		{76690E78-CC72-4021-9961-3A902FCE77A0}.Debug|Any CPU.ActiveCfg = Debug|Any CPU
		{76690E78-CC72-4021-9961-3A902FCE77A0}.Debug|Any CPU.Build.0 = Debug|Any CPU
		{76690E78-CC72-4021-9961-3A902FCE77A0}.Release|Any CPU.ActiveCfg = Release|Any CPU
		{76690E78-CC72-4021-9961-3A902FCE77A0}.Release|Any CPU.Build.0 = Release|Any CPU
	EndGlobalSection
	GlobalSection(SolutionProperties) = preSolution
		HideSolutionNode = FALSE
	EndGlobalSection
	GlobalSection(ExtensibilityGlobals) = postSolution
		SolutionGuid = {B732C778-E3D3-4414-A930-E85557ED14AF}
	EndGlobalSection
EndGlobal
